hash: 21be962803e07837b01b4ef6bc191c94b5f2af92d20fe5bdf4bc12eda2ed16ce
updated: 2018-03-16T17:46:28.887941+02:00
imports:
- name: github.com/go-ini/ini
  version: 32e4c1e6bc4e7d0d8451aa6b75200d19e37a536a
- name: github.com/minio/minio-go
  version: 9e124ec59547551cb3f1324f73623bbb30650cf8
  subpackages:
  - pkg/credentials
  - pkg/encrypt
  - pkg/policy
  - pkg/s3signer
  - pkg/s3utils
  - pkg/set
- name: github.com/mitchellh/go-homedir
  version: b8bc1bf767474819792c23f32d8286a45736f1c6
- name: golang.org/x/net
  version: 5ccada7d0a7ba9aeb5d3aca8d3501b4c2a509fec
  subpackages:
  - idna
  - lex/httplex
- name: golang.org/x/text
  version: e19ae1496984b1c655b8044a65c0300a3c878dd3
  subpackages:
  - secure/bidirule
  - transform
  - unicode/bidi
  - unicode/norm
testImports: []
